
Microsoft Visual Studio Solution File, Format Version 12.00
# Visual Studio 14
VisualStudioVersion = 14.0.25420.1
MinimumVisualStudioVersion = 10.0.40219.1
Project("{FAE04EC0-301F-11D3-BF4B-00C04F79EFBC}") = "test1216", "test1216\test1216.csproj", "{37AAC9C4-BB05-4A60-8B00-35F945448FCC}"
EndProject
Global
	GlobalSection(SolutionConfigurationPlatforms) = preSolution
		Debug|Any CPU = Debug|Any CPU
		Release|Any CPU = Release|Any CPU
	EndGlobalSection
	GlobalSection(ProjectConfigurationPlatforms) = postSolution
		{37AAC9C4-BB05-4A60-8B00-35F945448FCC}.Debug|Any CPU.ActiveCfg = Debug|Any CPU
		{37AAC9C4-BB05-4A60-8B00-35F945448FCC}.Debug|Any CPU.Build.0 = Debug|Any CPU
		{37AAC9C4-BB05-4A60-8B00-35F945448FCC}.Release|Any CPU.ActiveCfg = Release|Any CPU
		{37AAC9C4-BB05-4A60-8B00-35F945448FCC}.Release|Any CPU.Build.0 = Release|Any CPU
	EndGlobalSection
	GlobalSection(SolutionProperties) = preSolution
		HideSolutionNode = FALSE
	EndGlobalSection
EndGlobal
